{
  "name": "juslite",
  "lockfileVersion": 2,
  "requires": true,
  "packages": {
    "": {
      "dependencies": {
        "typeco": "^1.0.0"
      }
    },
    "node_modules/typeco": {
      "version": "1.0.0",
      "resolved": "https://registry.npmjs.org/typeco/-/typeco-1.0.0.tgz",
      "integrity": "sha512-3mWzemIyiY5jL/fmW2sZp1vv7ifQ5ONjF6fT/4RMHJw3/1oabumpxvYZ9D+z01a5wRFSRPPXZkQjM4WIUzY+GA=="
    }
  },
  "dependencies": {
    "typeco": {
      "version": "1.0.0",
      "resolved": "https://registry.npmjs.org/typeco/-/typeco-1.0.0.tgz",
      "integrity": "sha512-3mWzemIyiY5jL/fmW2sZp1vv7ifQ5ONjF6fT/4RMHJw3/1oabumpxvYZ9D+z01a5wRFSRPPXZkQjM4WIUzY+GA=="
    }
  }
}
